
Microsoft Visual Studio Solution File, Format Version 12.00
# Visual Studio Version 17
VisualStudioVersion = 17.14.36221.1 d17.14
MinimumVisualStudioVersion = 10.0.40219.1
Project("{FAE04EC0-301F-11D3-BF4B-00C04F79EFBC}") = "DataTableCourse", "DataTableCourse\DataTableCourse.csproj", "{579EC8B8-EDBC-48AC-BEEB-53CFD2E51A39}"
EndProject
Global
	GlobalSection(SolutionConfigurationPlatforms) = preSolution
		Debug|Any CPU = Debug|Any CPU
		Release|Any CPU = Release|Any CPU
	EndGlobalSection
	GlobalSection(ProjectConfigurationPlatforms) = postSolution
		{579EC8B8-EDBC-48AC-BEEB-53CFD2E51A39}.Debug|Any CPU.ActiveCfg = Debug|Any CPU
		{579EC8B8-EDBC-48AC-BEEB-53CFD2E51A39}.Debug|Any CPU.Build.0 = Debug|Any CPU
		{579EC8B8-EDBC-48AC-BEEB-53CFD2E51A39}.Release|Any CPU.ActiveCfg = Release|Any CPU
		{579EC8B8-EDBC-48AC-BEEB-53CFD2E51A39}.Release|Any CPU.Build.0 = Release|Any CPU
	EndGlobalSection
	GlobalSection(SolutionProperties) = preSolution
		HideSolutionNode = FALSE
	EndGlobalSection
	GlobalSection(ExtensibilityGlobals) = postSolution
		SolutionGuid = {18073025-CD51-4E0F-9DB7-05BCE70C7438}
	EndGlobalSection
EndGlobal
