
Microsoft Visual Studio Solution File, Format Version 12.00
# Visual Studio Version 17
VisualStudioVersion = 17.14.36202.13 d17.14
MinimumVisualStudioVersion = 10.0.40219.1
Project("{FAE04EC0-301F-11D3-BF4B-00C04F79EFBC}") = "PresentationLier.UI", "PresentationLier.UI.csproj", "{206363C8-7478-4789-8ADB-9E8E69455518}"
EndProject
Project("{FAE04EC0-301F-11D3-BF4B-00C04F79EFBC}") = "BusnessLier.BLL", "..\BusnessLier\BusnessLier.BLL.csproj", "{D878B27A-7807-4C9C-9AC3-CFD4C59FE9C4}"
EndProject
Project("{FAE04EC0-301F-11D3-BF4B-00C04F79EFBC}") = "DataLier.DAL", "..\DataLier\DataLier.DAL.csproj", "{6366F229-1917-4ED0-80C6-01D7E46CE0F4}"
EndProject
Global
	GlobalSection(SolutionConfigurationPlatforms) = preSolution
		Debug|Any CPU = Debug|Any CPU
		Release|Any CPU = Release|Any CPU
	EndGlobalSection
	GlobalSection(ProjectConfigurationPlatforms) = postSolution
		{206363C8-7478-4789-8ADB-9E8E69455518}.Debug|Any CPU.ActiveCfg = Debug|Any CPU
		{206363C8-7478-4789-8ADB-9E8E69455518}.Debug|Any CPU.Build.0 = Debug|Any CPU
		{206363C8-7478-4789-8ADB-9E8E69455518}.Release|Any CPU.ActiveCfg = Release|Any CPU
		{206363C8-7478-4789-8ADB-9E8E69455518}.Release|Any CPU.Build.0 = Release|Any CPU
		{D878B27A-7807-4C9C-9AC3-CFD4C59FE9C4}.Debug|Any CPU.ActiveCfg = Debug|Any CPU
		{D878B27A-7807-4C9C-9AC3-CFD4C59FE9C4}.Debug|Any CPU.Build.0 = Debug|Any CPU
		{D878B27A-7807-4C9C-9AC3-CFD4C59FE9C4}.Release|Any CPU.ActiveCfg = Release|Any CPU
		{D878B27A-7807-4C9C-9AC3-CFD4C59FE9C4}.Release|Any CPU.Build.0 = Release|Any CPU
		{6366F229-1917-4ED0-80C6-01D7E46CE0F4}.Debug|Any CPU.ActiveCfg = Debug|Any CPU
		{6366F229-1917-4ED0-80C6-01D7E46CE0F4}.Debug|Any CPU.Build.0 = Debug|Any CPU
		{6366F229-1917-4ED0-80C6-01D7E46CE0F4}.Release|Any CPU.ActiveCfg = Release|Any CPU
		{6366F229-1917-4ED0-80C6-01D7E46CE0F4}.Release|Any CPU.Build.0 = Release|Any CPU
	EndGlobalSection
	GlobalSection(SolutionProperties) = preSolution
		HideSolutionNode = FALSE
	EndGlobalSection
	GlobalSection(ExtensibilityGlobals) = postSolution
		SolutionGuid = {4FED6A61-9BAF-4736-A452-47F4C20D897D}
	EndGlobalSection
EndGlobal
