
Microsoft Visual Studio Solution File, Format Version 12.00
# Visual Studio Version 17
VisualStudioVersion = 17.14.36202.13 d17.14
MinimumVisualStudioVersion = 10.0.40219.1
Project("{FAE04EC0-301F-11D3-BF4B-00C04F79EFBC}") = "CourseCSharp", "CourseCSharp.csproj", "{9B290293-618C-48D2-9DB5-B856E8C7EEDA}"
EndProject
Global
	GlobalSection(SolutionConfigurationPlatforms) = preSolution
		Debug|Any CPU = Debug|Any CPU
		Release|Any CPU = Release|Any CPU
	EndGlobalSection
	GlobalSection(ProjectConfigurationPlatforms) = postSolution
		{9B290293-618C-48D2-9DB5-B856E8C7EEDA}.Debug|Any CPU.ActiveCfg = Debug|Any CPU
		{9B290293-618C-48D2-9DB5-B856E8C7EEDA}.Debug|Any CPU.Build.0 = Debug|Any CPU
		{9B290293-618C-48D2-9DB5-B856E8C7EEDA}.Release|Any CPU.ActiveCfg = Release|Any CPU
		{9B290293-618C-48D2-9DB5-B856E8C7EEDA}.Release|Any CPU.Build.0 = Release|Any CPU
	EndGlobalSection
	GlobalSection(SolutionProperties) = preSolution
		HideSolutionNode = FALSE
	EndGlobalSection
	GlobalSection(ExtensibilityGlobals) = postSolution
		SolutionGuid = {36655FF3-06D2-4D05-A96A-81FD23F64A58}
	EndGlobalSection
EndGlobal
