
Microsoft Visual Studio Solution File, Format Version 12.00
# Visual Studio Version 17
VisualStudioVersion = 17.14.36221.1 d17.14
MinimumVisualStudioVersion = 10.0.40219.1
Project("{FAE04EC0-301F-11D3-BF4B-00C04F79EFBC}") = "WindowsFormsApp1", "WindowsFormsApp1\WindowsFormsApp1.csproj", "{B3DBA5BD-5DFF-4336-8F67-55FFCD58F0ED}"
EndProject
Project("{FAE04EC0-301F-11D3-BF4B-00C04F79EFBC}") = "ContactsBusinessLayer", "..\..\..\Downloads\ContactsWinFormSolution (2)\ContactBusinessLayer\ContactsBusinessLayer.csproj", "{E533F207-E07A-4D21-90BD-95A635E42CCC}"
EndProject
Project("{FAE04EC0-301F-11D3-BF4B-00C04F79EFBC}") = "ContactsDataAccessLayer", "..\..\..\Downloads\ContactsWinFormSolution (2)\ContactsDataAccessLayer\ContactsDataAccessLayer.csproj", "{DCCC4184-857C-4F65-88B3-8E1CCEA8B9E7}"
EndProject
Global
	GlobalSection(SolutionConfigurationPlatforms) = preSolution
		Debug|Any CPU = Debug|Any CPU
		Release|Any CPU = Release|Any CPU
	EndGlobalSection
	GlobalSection(ProjectConfigurationPlatforms) = postSolution
		{B3DBA5BD-5DFF-4336-8F67-55FFCD58F0ED}.Debug|Any CPU.ActiveCfg = Debug|Any CPU
		{B3DBA5BD-5DFF-4336-8F67-55FFCD58F0ED}.Debug|Any CPU.Build.0 = Debug|Any CPU
		{B3DBA5BD-5DFF-4336-8F67-55FFCD58F0ED}.Release|Any CPU.ActiveCfg = Release|Any CPU
		{B3DBA5BD-5DFF-4336-8F67-55FFCD58F0ED}.Release|Any CPU.Build.0 = Release|Any CPU
		{E533F207-E07A-4D21-90BD-95A635E42CCC}.Debug|Any CPU.ActiveCfg = Debug|Any CPU
		{E533F207-E07A-4D21-90BD-95A635E42CCC}.Debug|Any CPU.Build.0 = Debug|Any CPU
		{E533F207-E07A-4D21-90BD-95A635E42CCC}.Release|Any CPU.ActiveCfg = Release|Any CPU
		{E533F207-E07A-4D21-90BD-95A635E42CCC}.Release|Any CPU.Build.0 = Release|Any CPU
		{DCCC4184-857C-4F65-88B3-8E1CCEA8B9E7}.Debug|Any CPU.ActiveCfg = Debug|Any CPU
		{DCCC4184-857C-4F65-88B3-8E1CCEA8B9E7}.Debug|Any CPU.Build.0 = Debug|Any CPU
		{DCCC4184-857C-4F65-88B3-8E1CCEA8B9E7}.Release|Any CPU.ActiveCfg = Release|Any CPU
		{DCCC4184-857C-4F65-88B3-8E1CCEA8B9E7}.Release|Any CPU.Build.0 = Release|Any CPU
	EndGlobalSection
	GlobalSection(SolutionProperties) = preSolution
		HideSolutionNode = FALSE
	EndGlobalSection
	GlobalSection(ExtensibilityGlobals) = postSolution
		SolutionGuid = {84042D53-93C3-497D-970A-10634D0A3FFC}
	EndGlobalSection
EndGlobal
